Microsoft Visual Studio Solution File, Format Version 12.00
# Visual Studio Version 17
VisualStudioVersion = 17.5.2.0
MinimumVisualStudioVersion = 10.0.40219.1
Project("{FAE04EC0-301F-11D3-BF4B-00C04F79EFBC}") = "ConsoleCalculator", "ConsoleCalculator.csproj", "{6FCF6BB3-CD34-D6E4-E4F8-1AE68245E833}"
EndProject
Global
	GlobalSection(SolutionConfigurationPlatforms) = preSolution
		Debug|Any CPU = Debug|Any CPU
		Release|Any CPU = Release|Any CPU
	EndGlobalSection
	GlobalSection(ProjectConfigurationPlatforms) = postSolution
		{6FCF6BB3-CD34-D6E4-E4F8-1AE68245E833}.Debug|Any CPU.ActiveCfg = Debug|Any CPU
		{6FCF6BB3-CD34-D6E4-E4F8-1AE68245E833}.Debug|Any CPU.Build.0 = Debug|Any CPU
		{6FCF6BB3-CD34-D6E4-E4F8-1AE68245E833}.Release|Any CPU.ActiveCfg = Release|Any CPU
		{6FCF6BB3-CD34-D6E4-E4F8-1AE68245E833}.Release|Any CPU.Build.0 = Release|Any CPU
	EndGlobalSection
	GlobalSection(SolutionProperties) = preSolution
		HideSolutionNode = FALSE
	EndGlobalSection
	GlobalSection(ExtensibilityGlobals) = postSolution
		SolutionGuid = {5F781AFA-B39C-4634-A2C0-2755500737E3}
	EndGlobalSection
EndGlobal
